Microsoft Visual Studio Solution File, Format Version 12.00
# Visual Studio Version 17
VisualStudioVersion = 17.5.2.0
MinimumVisualStudioVersion = 10.0.40219.1
Project("{FAE04EC0-301F-11D3-BF4B-00C04F79EFBC}") = "CentralizedApps", "CentralizedApps\CentralizedApps.csproj", "{37FB5AD6-9242-7884-07B6-59BD72207443}"
EndProject
Global
	GlobalSection(SolutionConfigurationPlatforms) = preSolution
		Debug|Any CPU = Debug|Any CPU
		Release|Any CPU = Release|Any CPU
	EndGlobalSection
	GlobalSection(ProjectConfigurationPlatforms) = postSolution
		{37FB5AD6-9242-7884-07B6-59BD72207443}.Debug|Any CPU.ActiveCfg = Debug|Any CPU
		{37FB5AD6-9242-7884-07B6-59BD72207443}.Debug|Any CPU.Build.0 = Debug|Any CPU
		{37FB5AD6-9242-7884-07B6-59BD72207443}.Release|Any CPU.ActiveCfg = Release|Any CPU
		{37FB5AD6-9242-7884-07B6-59BD72207443}.Release|Any CPU.Build.0 = Release|Any CPU
	EndGlobalSection
	GlobalSection(SolutionProperties) = preSolution
		HideSolutionNode = FALSE
	EndGlobalSection
	GlobalSection(ExtensibilityGlobals) = postSolution
		SolutionGuid = {A7672792-33D0-415B-A66F-4960B16FFE40}
	EndGlobalSection
EndGlobal
